
Microsoft Visual Studio Solution File, Format Version 12.00
# Visual Studio Version 16
VisualStudioVersion = 16.0.31205.134
MinimumVisualStudioVersion = 10.0.40219.1
Project("{FAE04EC0-301F-11D3-BF4B-00C04F79EFBC}") = "EsercizioWpfAppComunicazioneSocket2", "EsercizioWpfAppComunicazioneSocket2\EsercizioWpfAppComunicazioneSocket2.csproj", "{D561AC31-D8EE-46DA-A086-176D54D000B8}"
EndProject
Global
	GlobalSection(SolutionConfigurationPlatforms) = preSolution
		Debug|Any CPU = Debug|Any CPU
		Release|Any CPU = Release|Any CPU
	EndGlobalSection
	GlobalSection(ProjectConfigurationPlatforms) = postSolution
		{D561AC31-D8EE-46DA-A086-176D54D000B8}.Debug|Any CPU.ActiveCfg = Debug|Any CPU
		{D561AC31-D8EE-46DA-A086-176D54D000B8}.Debug|Any CPU.Build.0 = Debug|Any CPU
		{D561AC31-D8EE-46DA-A086-176D54D000B8}.Release|Any CPU.ActiveCfg = Release|Any CPU
		{D561AC31-D8EE-46DA-A086-176D54D000B8}.Release|Any CPU.Build.0 = Release|Any CPU
	EndGlobalSection
	GlobalSection(SolutionProperties) = preSolution
		HideSolutionNode = FALSE
	EndGlobalSection
	GlobalSection(ExtensibilityGlobals) = postSolution
		SolutionGuid = {DEB49F68-5203-4B2D-B9E2-36CE3B0BA868}
	EndGlobalSection
EndGlobal
